
Microsoft Visual Studio Solution File, Format Version 12.00
# Visual Studio 15
VisualStudioVersion = 15.0.28307.168
MinimumVisualStudioVersion = 10.0.40219.1
Project("{8BC9CEB8-8B4A-11D0-8D11-00A0C91BC942}") = "oCam_viewer", "oCamViewer\oCam_viewer.vcxproj", "{AB00CCD3-EBB7-4B9A-A80A-A88C17705FDA}"
EndProject
Global
	GlobalSection(SolutionConfigurationPlatforms) = preSolution
		Debug|x64 = Debug|x64
		Debug|x86 = Debug|x86
		Release|x64 = Release|x64
		Release|x86 = Release|x86
	EndGlobalSection
	GlobalSection(ProjectConfigurationPlatforms) = postSolution
		{AB00CCD3-EBB7-4B9A-A80A-A88C17705FDA}.Debug|x64.ActiveCfg = Debug|x64
		{AB00CCD3-EBB7-4B9A-A80A-A88C17705FDA}.Debug|x64.Build.0 = Debug|x64
		{AB00CCD3-EBB7-4B9A-A80A-A88C17705FDA}.Debug|x86.ActiveCfg = Debug|Win32
		{AB00CCD3-EBB7-4B9A-A80A-A88C17705FDA}.Debug|x86.Build.0 = Debug|Win32
		{AB00CCD3-EBB7-4B9A-A80A-A88C17705FDA}.Release|x64.ActiveCfg = Release|x64
		{AB00CCD3-EBB7-4B9A-A80A-A88C17705FDA}.Release|x64.Build.0 = Release|x64
		{AB00CCD3-EBB7-4B9A-A80A-A88C17705FDA}.Release|x86.ActiveCfg = Release|Win32
		{AB00CCD3-EBB7-4B9A-A80A-A88C17705FDA}.Release|x86.Build.0 = Release|Win32
	EndGlobalSection
	GlobalSection(SolutionProperties) = preSolution
		HideSolutionNode = FALSE
	EndGlobalSection
	GlobalSection(ExtensibilityGlobals) = postSolution
		SolutionGuid = {0015362F-BC52-4489-9148-C468C3EF064C}
	EndGlobalSection
EndGlobal
