
Microsoft Visual Studio Solution File, Format Version 11.00
# Visual Studio 2010
Project("{8BC9CEB8-8B4A-11D0-8D11-00A0C91BC942}") = "oCam_viewer", "oCam_viewer\oCam_viewer.vcxproj", "{AB00CCD3-EBB7-4B9A-A80A-A88C17705FDA}"
EndProject
Global
	GlobalSection(SolutionConfigurationPlatforms) = preSolution
		Debug|Win32 = Debug|Win32
		Release|Win32 = Release|Win32
	EndGlobalSection
	GlobalSection(ProjectConfigurationPlatforms) = postSolution
		{AB00CCD3-EBB7-4B9A-A80A-A88C17705FDA}.Debug|Win32.ActiveCfg = Debug|Win32
		{AB00CCD3-EBB7-4B9A-A80A-A88C17705FDA}.Debug|Win32.Build.0 = Debug|Win32
		{AB00CCD3-EBB7-4B9A-A80A-A88C17705FDA}.Release|Win32.ActiveCfg = Release|Win32
		{AB00CCD3-EBB7-4B9A-A80A-A88C17705FDA}.Release|Win32.Build.0 = Release|Win32
	EndGlobalSection
	GlobalSection(SolutionProperties) = preSolution
		HideSolutionNode = FALSE
	EndGlobalSection
EndGlobal
